
Microsoft Visual Studio Solution File, Format Version 12.00
# Visual Studio Version 17
VisualStudioVersion = 17.14.36429.23
MinimumVisualStudioVersion = 10.0.40219.1
Project("{FAE04EC0-301F-11D3-BF4B-00C04F79EFBC}") = "AirCompany.Domain", "AirCompany.Domain\AirCompany.Domain.csproj", "{53990AD3-E7B0-AA3E-A906-C020B93AF457}"
EndProject
Project("{FAE04EC0-301F-11D3-BF4B-00C04F79EFBC}") = "AirCompany.Tests", "AirCompany.Tests\AirCompany.Tests.csproj", "{889F455D-BF67-97A1-E5B6-13E5A22A254F}"
	ProjectSection(ProjectDependencies) = postProject
		{35888DE8-60A0-4858-9E2E-475608F26C0F} = {35888DE8-60A0-4858-9E2E-475608F26C0F}
	EndProjectSection
EndProject
Project("{FAE04EC0-301F-11D3-BF4B-00C04F79EFBC}") = "AirCompany.Infrastructure.InMemory", "AirCompany.Infrastructure.InMemory\AirCompany.Infrastructure.InMemory.csproj", "{35888DE8-60A0-4858-9E2E-475608F26C0F}"
EndProject
Project("{FAE04EC0-301F-11D3-BF4B-00C04F79EFBC}") = "AirCompany.Application", "AirCompany.Application\AirCompany.Application.csproj", "{C776367A-5B26-49C2-981B-485BE7112143}"
EndProject
Project("{FAE04EC0-301F-11D3-BF4B-00C04F79EFBC}") = "AirCompany.Application.Contracts", "AirCompany.Application.Contracts\AirCompany.Application.Contracts.csproj", "{B0BA3D17-909C-4AF8-9BD9-C37EE7DE39A0}"
EndProject
Global
	GlobalSection(SolutionConfigurationPlatforms) = preSolution
		Debug|Any CPU = Debug|Any CPU
		Release|Any CPU = Release|Any CPU
	EndGlobalSection
	GlobalSection(ProjectConfigurationPlatforms) = postSolution
		{53990AD3-E7B0-AA3E-A906-C020B93AF457}.Debug|Any CPU.ActiveCfg = Debug|Any CPU
		{53990AD3-E7B0-AA3E-A906-C020B93AF457}.Debug|Any CPU.Build.0 = Debug|Any CPU
		{53990AD3-E7B0-AA3E-A906-C020B93AF457}.Release|Any CPU.ActiveCfg = Release|Any CPU
		{53990AD3-E7B0-AA3E-A906-C020B93AF457}.Release|Any CPU.Build.0 = Release|Any CPU
		{889F455D-BF67-97A1-E5B6-13E5A22A254F}.Debug|Any CPU.ActiveCfg = Debug|Any CPU
		{889F455D-BF67-97A1-E5B6-13E5A22A254F}.Debug|Any CPU.Build.0 = Debug|Any CPU
		{889F455D-BF67-97A1-E5B6-13E5A22A254F}.Release|Any CPU.ActiveCfg = Release|Any CPU
		{889F455D-BF67-97A1-E5B6-13E5A22A254F}.Release|Any CPU.Build.0 = Release|Any CPU
		{35888DE8-60A0-4858-9E2E-475608F26C0F}.Debug|Any CPU.ActiveCfg = Debug|Any CPU
		{35888DE8-60A0-4858-9E2E-475608F26C0F}.Debug|Any CPU.Build.0 = Debug|Any CPU
		{35888DE8-60A0-4858-9E2E-475608F26C0F}.Release|Any CPU.ActiveCfg = Release|Any CPU
		{35888DE8-60A0-4858-9E2E-475608F26C0F}.Release|Any CPU.Build.0 = Release|Any CPU
		{C776367A-5B26-49C2-981B-485BE7112143}.Debug|Any CPU.ActiveCfg = Debug|Any CPU
		{C776367A-5B26-49C2-981B-485BE7112143}.Debug|Any CPU.Build.0 = Debug|Any CPU
		{C776367A-5B26-49C2-981B-485BE7112143}.Release|Any CPU.ActiveCfg = Release|Any CPU
		{C776367A-5B26-49C2-981B-485BE7112143}.Release|Any CPU.Build.0 = Release|Any CPU
		{B0BA3D17-909C-4AF8-9BD9-C37EE7DE39A0}.Debug|Any CPU.ActiveCfg = Debug|Any CPU
		{B0BA3D17-909C-4AF8-9BD9-C37EE7DE39A0}.Debug|Any CPU.Build.0 = Debug|Any CPU
		{B0BA3D17-909C-4AF8-9BD9-C37EE7DE39A0}.Release|Any CPU.ActiveCfg = Release|Any CPU
		{B0BA3D17-909C-4AF8-9BD9-C37EE7DE39A0}.Release|Any CPU.Build.0 = Release|Any CPU
	EndGlobalSection
	GlobalSection(SolutionProperties) = preSolution
		HideSolutionNode = FALSE
	EndGlobalSection
	GlobalSection(ExtensibilityGlobals) = postSolution
		SolutionGuid = {86327D86-29C7-4971-BD42-EEFA7306326D}
	EndGlobalSection
EndGlobal
